
Microsoft Visual Studio Solution File, Format Version 12.00
# Visual Studio Version 16
VisualStudioVersion = 16.0.30517.126
MinimumVisualStudioVersion = 10.0.40219.1
Project("{FAE04EC0-301F-11D3-BF4B-00C04F79EFBC}") = "Tarea1-AlexOmarMartinezRamos", "Tarea1-AlexOmarMartinezRamos.csproj", "{8C95DC45-6527-45E2-BF03-EC840B6A4067}"
EndProject
Global
	GlobalSection(SolutionConfigurationPlatforms) = preSolution
		Debug|Any CPU = Debug|Any CPU
		Release|Any CPU = Release|Any CPU
	EndGlobalSection
	GlobalSection(ProjectConfigurationPlatforms) = postSolution
		{8C95DC45-6527-45E2-BF03-EC840B6A4067}.Debug|Any CPU.ActiveCfg = Debug|Any CPU
		{8C95DC45-6527-45E2-BF03-EC840B6A4067}.Debug|Any CPU.Build.0 = Debug|Any CPU
		{8C95DC45-6527-45E2-BF03-EC840B6A4067}.Release|Any CPU.ActiveCfg = Release|Any CPU
		{8C95DC45-6527-45E2-BF03-EC840B6A4067}.Release|Any CPU.Build.0 = Release|Any CPU
	EndGlobalSection
	GlobalSection(SolutionProperties) = preSolution
		HideSolutionNode = FALSE
	EndGlobalSection
	GlobalSection(ExtensibilityGlobals) = postSolution
		SolutionGuid = {B90456A0-2191-4D64-AB36-32BBBA9E2029}
	EndGlobalSection
EndGlobal
